
Microsoft Visual Studio Solution File, Format Version 12.00
# Visual Studio Version 17
VisualStudioVersion = 17.6.33723.286
MinimumVisualStudioVersion = 10.0.40219.1
Project("{9A19103F-16F7-4668-BE54-9A1E7A4F7556}") = "SPPaginationDemo", "SPPaginationDemo\SPPaginationDemo.csproj", "{A5BF1FCD-7699-48DF-9ED7-4417E60DC850}"
EndProject
Project("{9A19103F-16F7-4668-BE54-9A1E7A4F7556}") = "SPPaginatedGridControl", "SPPaginatedGridControl\SPPaginatedGridControl.csproj", "{C7AC09C4-8A56-44F9-9E13-EBEE5005BA2B}"
EndProject
Project("{9A19103F-16F7-4668-BE54-9A1E7A4F7556}") = "SP6LogicDemo", "SP6LogicDemo\SP6LogicDemo.csproj", "{7E6A37D1-7729-43D5-9213-309BD74706A8}"
EndProject
Project("{9A19103F-16F7-4668-BE54-9A1E7A4F7556}") = "SP6LogicDemoBlueprint", "SP6LogicDemoBlueprint\SP6LogicDemoBlueprint.csproj", "{B75FD97E-2DEE-4260-AF81-D980625E14A7}"
EndProject
Project("{FAE04EC0-301F-11D3-BF4B-00C04F79EFBC}") = "SPPaginationBenchmark", "SPPaginationBenchmark\SPPaginationBenchmark.csproj", "{1348E2F9-23E2-4921-96C4-8B2EE95B6E58}"
EndProject
Global
	GlobalSection(SolutionConfigurationPlatforms) = preSolution
		Debug|Any CPU = Debug|Any CPU
		Release|Any CPU = Release|Any CPU
	EndGlobalSection
	GlobalSection(ProjectConfigurationPlatforms) = postSolution
		{A5BF1FCD-7699-48DF-9ED7-4417E60DC850}.Debug|Any CPU.ActiveCfg = Debug|Any CPU
		{A5BF1FCD-7699-48DF-9ED7-4417E60DC850}.Debug|Any CPU.Build.0 = Debug|Any CPU
		{A5BF1FCD-7699-48DF-9ED7-4417E60DC850}.Release|Any CPU.ActiveCfg = Release|Any CPU
		{A5BF1FCD-7699-48DF-9ED7-4417E60DC850}.Release|Any CPU.Build.0 = Release|Any CPU
		{C7AC09C4-8A56-44F9-9E13-EBEE5005BA2B}.Debug|Any CPU.ActiveCfg = Debug|Any CPU
		{C7AC09C4-8A56-44F9-9E13-EBEE5005BA2B}.Debug|Any CPU.Build.0 = Debug|Any CPU
		{C7AC09C4-8A56-44F9-9E13-EBEE5005BA2B}.Release|Any CPU.ActiveCfg = Release|Any CPU
		{C7AC09C4-8A56-44F9-9E13-EBEE5005BA2B}.Release|Any CPU.Build.0 = Release|Any CPU
		{7E6A37D1-7729-43D5-9213-309BD74706A8}.Debug|Any CPU.ActiveCfg = Debug|Any CPU
		{7E6A37D1-7729-43D5-9213-309BD74706A8}.Debug|Any CPU.Build.0 = Debug|Any CPU
		{7E6A37D1-7729-43D5-9213-309BD74706A8}.Release|Any CPU.ActiveCfg = Release|Any CPU
		{7E6A37D1-7729-43D5-9213-309BD74706A8}.Release|Any CPU.Build.0 = Release|Any CPU
		{B75FD97E-2DEE-4260-AF81-D980625E14A7}.Debug|Any CPU.ActiveCfg = Debug|Any CPU
		{B75FD97E-2DEE-4260-AF81-D980625E14A7}.Debug|Any CPU.Build.0 = Debug|Any CPU
		{B75FD97E-2DEE-4260-AF81-D980625E14A7}.Release|Any CPU.ActiveCfg = Release|Any CPU
		{B75FD97E-2DEE-4260-AF81-D980625E14A7}.Release|Any CPU.Build.0 = Release|Any CPU
		{1348E2F9-23E2-4921-96C4-8B2EE95B6E58}.Debug|Any CPU.ActiveCfg = Debug|Any CPU
		{1348E2F9-23E2-4921-96C4-8B2EE95B6E58}.Debug|Any CPU.Build.0 = Debug|Any CPU
		{1348E2F9-23E2-4921-96C4-8B2EE95B6E58}.Release|Any CPU.ActiveCfg = Release|Any CPU
		{1348E2F9-23E2-4921-96C4-8B2EE95B6E58}.Release|Any CPU.Build.0 = Release|Any CPU
	EndGlobalSection
	GlobalSection(SolutionProperties) = preSolution
		HideSolutionNode = FALSE
	EndGlobalSection
	GlobalSection(ExtensibilityGlobals) = postSolution
		SolutionGuid = {9ADCA39C-2FA3-4D9F-99DF-4CDD229D0B2A}
	EndGlobalSection
EndGlobal
